{
  "name": "cryptocurrency",
  "version": "1.0.0",
  "lockfileVersion": 3,
  "requires": true,
  "packages": {
    "": {
      "name": "cryptocurrency",
      "version": "1.0.0",
      "license": "ISC",
      "dependencies": {
        "k-utilities": "^1.4.3"
      }
    },
    "node_modules/k-utilities": {
      "version": "1.4.3",
      "resolved": "https://registry.npmjs.org/k-utilities/-/k-utilities-1.4.3.tgz",
      "integrity": "sha512-k83EhjTVOW6LYj+/s0lGrKwLx+PM102i6iR9N/5zNK36xq/E7vs99s12yimBEw1HBxSNfNax4BCyAB6BO2EB+A==",
      "license": "MIT"
    }
  }
}
