{
  "name": "cryptocurrency",
  "version": "1.0.0",
  "lockfileVersion": 3,
  "requires": true,
  "packages": {
    "": {
      "name": "cryptocurrency",
      "version": "1.0.0",
      "license": "ISC",
      "dependencies": {
        "k-utilities": "^1.4.5"
      }
    },
    "node_modules/k-utilities": {
      "version": "1.4.5",
      "resolved": "https://registry.npmjs.org/k-utilities/-/k-utilities-1.4.5.tgz",
      "integrity": "sha512-VK/11AXl3frSVuvXZ3FtkdTm8VkT8QP/cDmX1L9jcvc53oZkMy3hq9xp28O7OIi1Wnu43U6eh//zw2MF8fxRaA==",
      "license": "MIT"
    }
  }
}
